
Microsoft Visual Studio Solution File, Format Version 12.00
# Visual Studio Express 2012 for Windows Desktop
Project("{FAE04EC0-301F-11D3-BF4B-00C04F79EFBC}") = "Entidades", "Entidades\Entidades.csproj", "{AD4785E6-F068-43C1-9419-2A76A0AA06D2}"
EndProject
Project("{FAE04EC0-301F-11D3-BF4B-00C04F79EFBC}") = "Interfaces", "Interfaces\Interfaces.csproj", "{5A5D6CD4-982C-4CB5-8379-EC3A8105818F}"
EndProject
Project("{FAE04EC0-301F-11D3-BF4B-00C04F79EFBC}") = "FormHilos", "FormHilos\FormHilos.csproj", "{79D3B390-10A1-4CDF-B1D6-94BE8AA48C14}"
EndProject
Global
	GlobalSection(SolutionConfigurationPlatforms) = preSolution
		Debug|Any CPU = Debug|Any CPU
		Release|Any CPU = Release|Any CPU
	EndGlobalSection
	GlobalSection(ProjectConfigurationPlatforms) = postSolution
		{AD4785E6-F068-43C1-9419-2A76A0AA06D2}.Debug|Any CPU.ActiveCfg = Debug|Any CPU
		{AD4785E6-F068-43C1-9419-2A76A0AA06D2}.Debug|Any CPU.Build.0 = Debug|Any CPU
		{AD4785E6-F068-43C1-9419-2A76A0AA06D2}.Release|Any CPU.ActiveCfg = Release|Any CPU
		{AD4785E6-F068-43C1-9419-2A76A0AA06D2}.Release|Any CPU.Build.0 = Release|Any CPU
		{5A5D6CD4-982C-4CB5-8379-EC3A8105818F}.Debug|Any CPU.ActiveCfg = Debug|Any CPU
		{5A5D6CD4-982C-4CB5-8379-EC3A8105818F}.Debug|Any CPU.Build.0 = Debug|Any CPU
		{5A5D6CD4-982C-4CB5-8379-EC3A8105818F}.Release|Any CPU.ActiveCfg = Release|Any CPU
		{5A5D6CD4-982C-4CB5-8379-EC3A8105818F}.Release|Any CPU.Build.0 = Release|Any CPU
		{79D3B390-10A1-4CDF-B1D6-94BE8AA48C14}.Debug|Any CPU.ActiveCfg = Debug|Any CPU
		{79D3B390-10A1-4CDF-B1D6-94BE8AA48C14}.Debug|Any CPU.Build.0 = Debug|Any CPU
		{79D3B390-10A1-4CDF-B1D6-94BE8AA48C14}.Release|Any CPU.ActiveCfg = Release|Any CPU
		{79D3B390-10A1-4CDF-B1D6-94BE8AA48C14}.Release|Any CPU.Build.0 = Release|Any CPU
	EndGlobalSection
	GlobalSection(SolutionProperties) = preSolution
		HideSolutionNode = FALSE
	EndGlobalSection
EndGlobal
