
Microsoft Visual Studio Solution File, Format Version 12.00
# Visual Studio Express 2012 for Windows Desktop
Project("{FAE04EC0-301F-11D3-BF4B-00C04F79EFBC}") = "FormPersonas", "FormPersonas\FormPersonas.csproj", "{6951869D-561E-4DF0-9F7C-D547EEF59FF4}"
EndProject
Project("{FAE04EC0-301F-11D3-BF4B-00C04F79EFBC}") = "Entidades", "Entidades\Entidades.csproj", "{1EA03DFB-1D19-49A8-953C-0DEEFC1324E3}"
EndProject
Global
	GlobalSection(SolutionConfigurationPlatforms) = preSolution
		Debug|Any CPU = Debug|Any CPU
		Release|Any CPU = Release|Any CPU
	EndGlobalSection
	GlobalSection(ProjectConfigurationPlatforms) = postSolution
		{6951869D-561E-4DF0-9F7C-D547EEF59FF4}.Debug|Any CPU.ActiveCfg = Debug|Any CPU
		{6951869D-561E-4DF0-9F7C-D547EEF59FF4}.Debug|Any CPU.Build.0 = Debug|Any CPU
		{6951869D-561E-4DF0-9F7C-D547EEF59FF4}.Release|Any CPU.ActiveCfg = Release|Any CPU
		{6951869D-561E-4DF0-9F7C-D547EEF59FF4}.Release|Any CPU.Build.0 = Release|Any CPU
		{1EA03DFB-1D19-49A8-953C-0DEEFC1324E3}.Debug|Any CPU.ActiveCfg = Debug|Any CPU
		{1EA03DFB-1D19-49A8-953C-0DEEFC1324E3}.Debug|Any CPU.Build.0 = Debug|Any CPU
		{1EA03DFB-1D19-49A8-953C-0DEEFC1324E3}.Release|Any CPU.ActiveCfg = Release|Any CPU
		{1EA03DFB-1D19-49A8-953C-0DEEFC1324E3}.Release|Any CPU.Build.0 = Release|Any CPU
	EndGlobalSection
	GlobalSection(SolutionProperties) = preSolution
		HideSolutionNode = FALSE
	EndGlobalSection
EndGlobal
