
Microsoft Visual Studio Solution File, Format Version 12.00
# Visual Studio Express 2012 for Windows Desktop
Project("{FAE04EC0-301F-11D3-BF4B-00C04F79EFBC}") = "Ej 02", "Ej 2\Ej 02.csproj", "{11C1A37A-7B8A-48A5-96F0-7FAB20B420F4}"
EndProject
Project("{FAE04EC0-301F-11D3-BF4B-00C04F79EFBC}") = "Ej 03", "Ej 3\Ej 03.csproj", "{91DA64A9-B9FB-44E7-97E0-B8EED2D5E541}"
EndProject
Project("{FAE04EC0-301F-11D3-BF4B-00C04F79EFBC}") = "Ej 05", "Ej 4\Ej 05.csproj", "{B9199EE4-DC93-406D-8EB0-55FF64DD00C5}"
EndProject
Project("{FAE04EC0-301F-11D3-BF4B-00C04F79EFBC}") = "Ej 06", "Ej 6\Ej 06.csproj", "{B30A8A6A-1717-4A38-8617-7A23342FDC8C}"
EndProject
Project("{FAE04EC0-301F-11D3-BF4B-00C04F79EFBC}") = "Ej 07", "Ej 7\Ej 07.csproj", "{40FD5C6E-1A04-41E3-9AC6-8DB62DF39A14}"
EndProject
Project("{FAE04EC0-301F-11D3-BF4B-00C04F79EFBC}") = "Ej 09", "Ej 9\Ej 09.csproj", "{8F6E25B0-6F01-4E5A-8B88-FF3C1DEB7A8C}"
EndProject
Project("{FAE04EC0-301F-11D3-BF4B-00C04F79EFBC}") = "Ej 11", "Ej 11\Ej 11.csproj", "{A89E7775-B2B9-42E3-9AF1-8AF7F9645449}"
EndProject
Project("{FAE04EC0-301F-11D3-BF4B-00C04F79EFBC}") = "Ej 16", "Ej 16\Ej 16.csproj", "{5BC7EBE9-4C69-4905-A4C0-5A6FE69302CD}"
EndProject
Project("{F184B08F-C81C-45F6-A57F-5ABD9991F28F}") = "Ej 01", "Ej 01\Ej 01.vbproj", "{7B638CB2-FC64-4D17-B356-5E2774D53292}"
EndProject
Global
	GlobalSection(SolutionConfigurationPlatforms) = preSolution
		Debug|Any CPU = Debug|Any CPU
		Release|Any CPU = Release|Any CPU
	EndGlobalSection
	GlobalSection(ProjectConfigurationPlatforms) = postSolution
		{11C1A37A-7B8A-48A5-96F0-7FAB20B420F4}.Debug|Any CPU.ActiveCfg = Debug|Any CPU
		{11C1A37A-7B8A-48A5-96F0-7FAB20B420F4}.Debug|Any CPU.Build.0 = Debug|Any CPU
		{11C1A37A-7B8A-48A5-96F0-7FAB20B420F4}.Release|Any CPU.ActiveCfg = Release|Any CPU
		{11C1A37A-7B8A-48A5-96F0-7FAB20B420F4}.Release|Any CPU.Build.0 = Release|Any CPU
		{91DA64A9-B9FB-44E7-97E0-B8EED2D5E541}.Debug|Any CPU.ActiveCfg = Debug|Any CPU
		{91DA64A9-B9FB-44E7-97E0-B8EED2D5E541}.Debug|Any CPU.Build.0 = Debug|Any CPU
		{91DA64A9-B9FB-44E7-97E0-B8EED2D5E541}.Release|Any CPU.ActiveCfg = Release|Any CPU
		{91DA64A9-B9FB-44E7-97E0-B8EED2D5E541}.Release|Any CPU.Build.0 = Release|Any CPU
		{B9199EE4-DC93-406D-8EB0-55FF64DD00C5}.Debug|Any CPU.ActiveCfg = Debug|Any CPU
		{B9199EE4-DC93-406D-8EB0-55FF64DD00C5}.Debug|Any CPU.Build.0 = Debug|Any CPU
		{B9199EE4-DC93-406D-8EB0-55FF64DD00C5}.Release|Any CPU.ActiveCfg = Release|Any CPU
		{B9199EE4-DC93-406D-8EB0-55FF64DD00C5}.Release|Any CPU.Build.0 = Release|Any CPU
		{B30A8A6A-1717-4A38-8617-7A23342FDC8C}.Debug|Any CPU.ActiveCfg = Debug|Any CPU
		{B30A8A6A-1717-4A38-8617-7A23342FDC8C}.Debug|Any CPU.Build.0 = Debug|Any CPU
		{B30A8A6A-1717-4A38-8617-7A23342FDC8C}.Release|Any CPU.ActiveCfg = Release|Any CPU
		{B30A8A6A-1717-4A38-8617-7A23342FDC8C}.Release|Any CPU.Build.0 = Release|Any CPU
		{40FD5C6E-1A04-41E3-9AC6-8DB62DF39A14}.Debug|Any CPU.ActiveCfg = Debug|Any CPU
		{40FD5C6E-1A04-41E3-9AC6-8DB62DF39A14}.Debug|Any CPU.Build.0 = Debug|Any CPU
		{40FD5C6E-1A04-41E3-9AC6-8DB62DF39A14}.Release|Any CPU.ActiveCfg = Release|Any CPU
		{40FD5C6E-1A04-41E3-9AC6-8DB62DF39A14}.Release|Any CPU.Build.0 = Release|Any CPU
		{8F6E25B0-6F01-4E5A-8B88-FF3C1DEB7A8C}.Debug|Any CPU.ActiveCfg = Debug|Any CPU
		{8F6E25B0-6F01-4E5A-8B88-FF3C1DEB7A8C}.Debug|Any CPU.Build.0 = Debug|Any CPU
		{8F6E25B0-6F01-4E5A-8B88-FF3C1DEB7A8C}.Release|Any CPU.ActiveCfg = Release|Any CPU
		{8F6E25B0-6F01-4E5A-8B88-FF3C1DEB7A8C}.Release|Any CPU.Build.0 = Release|Any CPU
		{A89E7775-B2B9-42E3-9AF1-8AF7F9645449}.Debug|Any CPU.ActiveCfg = Debug|Any CPU
		{A89E7775-B2B9-42E3-9AF1-8AF7F9645449}.Debug|Any CPU.Build.0 = Debug|Any CPU
		{A89E7775-B2B9-42E3-9AF1-8AF7F9645449}.Release|Any CPU.ActiveCfg = Release|Any CPU
		{A89E7775-B2B9-42E3-9AF1-8AF7F9645449}.Release|Any CPU.Build.0 = Release|Any CPU
		{5BC7EBE9-4C69-4905-A4C0-5A6FE69302CD}.Debug|Any CPU.ActiveCfg = Debug|Any CPU
		{5BC7EBE9-4C69-4905-A4C0-5A6FE69302CD}.Debug|Any CPU.Build.0 = Debug|Any CPU
		{5BC7EBE9-4C69-4905-A4C0-5A6FE69302CD}.Release|Any CPU.ActiveCfg = Release|Any CPU
		{5BC7EBE9-4C69-4905-A4C0-5A6FE69302CD}.Release|Any CPU.Build.0 = Release|Any CPU
		{7B638CB2-FC64-4D17-B356-5E2774D53292}.Debug|Any CPU.ActiveCfg = Debug|Any CPU
		{7B638CB2-FC64-4D17-B356-5E2774D53292}.Debug|Any CPU.Build.0 = Debug|Any CPU
		{7B638CB2-FC64-4D17-B356-5E2774D53292}.Release|Any CPU.ActiveCfg = Release|Any CPU
		{7B638CB2-FC64-4D17-B356-5E2774D53292}.Release|Any CPU.Build.0 = Release|Any CPU
	EndGlobalSection
	GlobalSection(SolutionProperties) = preSolution
		HideSolutionNode = FALSE
	EndGlobalSection
EndGlobal
