
Microsoft Visual Studio Solution File, Format Version 12.00
# Visual Studio Express 2012 for Windows Desktop
Project("{FAE04EC0-301F-11D3-BF4B-00C04F79EFBC}") = "Ej 11", "Ej 11\Ej 11.csproj", "{A89E7775-B2B9-42E3-9AF1-8AF7F9645449}"
EndProject
Project("{FAE04EC0-301F-11D3-BF4B-00C04F79EFBC}") = "Ej 16", "Ej 16\Ej 16.csproj", "{5BC7EBE9-4C69-4905-A4C0-5A6FE69302CD}"
EndProject
Project("{FAE04EC0-301F-11D3-BF4B-00C04F79EFBC}") = "Ej 02", "Ej 02\Ej 02.csproj", "{4AFCDD3E-0F6D-4920-82BA-883A5F9775DE}"
EndProject
Project("{FAE04EC0-301F-11D3-BF4B-00C04F79EFBC}") = "Ej 01", "Ej 01\Ej 01.csproj", "{4E2AB361-80C5-43F0-B645-CD867842AC6B}"
EndProject
Project("{FAE04EC0-301F-11D3-BF4B-00C04F79EFBC}") = "Ej 03", "Ej 03\Ej 03.csproj", "{F89DD7F5-2E97-4D88-8E3E-50B528499877}"
EndProject
Project("{FAE04EC0-301F-11D3-BF4B-00C04F79EFBC}") = "Ej 05", "Ej 05\Ej 05.csproj", "{B980707F-605B-433F-8102-E004D960BEF0}"
EndProject
Project("{FAE04EC0-301F-11D3-BF4B-00C04F79EFBC}") = "Ej 06", "Ej 06\Ej 06.csproj", "{699AC51E-DCF4-4B56-97B0-6BEE33F3AEBF}"
EndProject
Project("{FAE04EC0-301F-11D3-BF4B-00C04F79EFBC}") = "Ej 09", "Ej 09\Ej 09.csproj", "{90D0C089-14FA-4887-8880-61042811DBB6}"
EndProject
Project("{FAE04EC0-301F-11D3-BF4B-00C04F79EFBC}") = "Ej 17", "Ej 17\Ej 17.csproj", "{13D8F4E1-7006-4D95-9708-21721196A21F}"
EndProject
Project("{FAE04EC0-301F-11D3-BF4B-00C04F79EFBC}") = "Ej 19", "Ej 19\Ej 19.csproj", "{66DBF3C2-CBCC-4F37-A217-90C738748A9C}"
EndProject
Project("{FAE04EC0-301F-11D3-BF4B-00C04F79EFBC}") = "Ej 20", "Ej 20\Ej 20.csproj", "{C2083F46-2965-4EB7-83F9-FAC077CAE9CE}"
EndProject
Project("{FAE04EC0-301F-11D3-BF4B-00C04F79EFBC}") = "Ej 26", "Ej 26\Ej 26.csproj", "{8B9DEC0C-682D-4EFD-BB13-5DBBF930E81F}"
EndProject
Project("{FAE04EC0-301F-11D3-BF4B-00C04F79EFBC}") = "Ej 27", "Ej 27\Ej 27.csproj", "{6552B3E2-62FA-40BC-B8C4-8C5DCFEAC9EF}"
EndProject
Project("{FAE04EC0-301F-11D3-BF4B-00C04F79EFBC}") = "Ej 28", "Ej 28\Ej 28.csproj", "{03EC5461-C48B-4902-A2CA-9130C19FDEA6}"
EndProject
Project("{FAE04EC0-301F-11D3-BF4B-00C04F79EFBC}") = "Ej 31", "Ej 31\Ej 31.csproj", "{74D04C7F-956C-459B-9DAF-948619C8861F}"
EndProject
Project("{FAE04EC0-301F-11D3-BF4B-00C04F79EFBC}") = "Ej 33", "Ej 33\Ej 33.csproj", "{BBBC185F-5460-4208-85C4-FCA01418AE12}"
EndProject
Project("{FAE04EC0-301F-11D3-BF4B-00C04F79EFBC}") = "Ej 29", "Ej 29\Ej 29.csproj", "{D82EF7FD-FBBA-4897-981B-08485D9DE46D}"
EndProject
Project("{FAE04EC0-301F-11D3-BF4B-00C04F79EFBC}") = "Ej 34", "Ej 34\Ej 34.csproj", "{4366E31C-B206-42B9-B3DD-D64C933B48A4}"
EndProject
Project("{FAE04EC0-301F-11D3-BF4B-00C04F79EFBC}") = "Ej 38", "Ej 38\Ej 38.csproj", "{1E348AC3-35A8-45F5-8FD0-4856C3B78879}"
EndProject
Project("{FAE04EC0-301F-11D3-BF4B-00C04F79EFBC}") = "Ej 39", "Ej 39\Ej 39.csproj", "{BA5E4331-B5B9-4A95-8C37-9B44931B2A29}"
EndProject
Project("{FAE04EC0-301F-11D3-BF4B-00C04F79EFBC}") = "Ej 32", "Ej 32\Ej 32.csproj", "{2E7779F8-6384-4CB6-9D37-6E91FD61F3D3}"
EndProject
Project("{FAE04EC0-301F-11D3-BF4B-00C04F79EFBC}") = "Ej 35", "Ej 35\Ej 35.csproj", "{ACA0AB27-B33B-4E3A-BD8C-B17002B032FA}"
EndProject
Global
	GlobalSection(SolutionConfigurationPlatforms) = preSolution
		Debug|Any CPU = Debug|Any CPU
		Release|Any CPU = Release|Any CPU
	EndGlobalSection
	GlobalSection(ProjectConfigurationPlatforms) = postSolution
		{A89E7775-B2B9-42E3-9AF1-8AF7F9645449}.Debug|Any CPU.ActiveCfg = Debug|Any CPU
		{A89E7775-B2B9-42E3-9AF1-8AF7F9645449}.Debug|Any CPU.Build.0 = Debug|Any CPU
		{A89E7775-B2B9-42E3-9AF1-8AF7F9645449}.Release|Any CPU.ActiveCfg = Release|Any CPU
		{A89E7775-B2B9-42E3-9AF1-8AF7F9645449}.Release|Any CPU.Build.0 = Release|Any CPU
		{5BC7EBE9-4C69-4905-A4C0-5A6FE69302CD}.Debug|Any CPU.ActiveCfg = Debug|Any CPU
		{5BC7EBE9-4C69-4905-A4C0-5A6FE69302CD}.Debug|Any CPU.Build.0 = Debug|Any CPU
		{5BC7EBE9-4C69-4905-A4C0-5A6FE69302CD}.Release|Any CPU.ActiveCfg = Release|Any CPU
		{5BC7EBE9-4C69-4905-A4C0-5A6FE69302CD}.Release|Any CPU.Build.0 = Release|Any CPU
		{4AFCDD3E-0F6D-4920-82BA-883A5F9775DE}.Debug|Any CPU.ActiveCfg = Debug|Any CPU
		{4AFCDD3E-0F6D-4920-82BA-883A5F9775DE}.Debug|Any CPU.Build.0 = Debug|Any CPU
		{4AFCDD3E-0F6D-4920-82BA-883A5F9775DE}.Release|Any CPU.ActiveCfg = Release|Any CPU
		{4AFCDD3E-0F6D-4920-82BA-883A5F9775DE}.Release|Any CPU.Build.0 = Release|Any CPU
		{4E2AB361-80C5-43F0-B645-CD867842AC6B}.Debug|Any CPU.ActiveCfg = Debug|Any CPU
		{4E2AB361-80C5-43F0-B645-CD867842AC6B}.Debug|Any CPU.Build.0 = Debug|Any CPU
		{4E2AB361-80C5-43F0-B645-CD867842AC6B}.Release|Any CPU.ActiveCfg = Release|Any CPU
		{4E2AB361-80C5-43F0-B645-CD867842AC6B}.Release|Any CPU.Build.0 = Release|Any CPU
		{F89DD7F5-2E97-4D88-8E3E-50B528499877}.Debug|Any CPU.ActiveCfg = Debug|Any CPU
		{F89DD7F5-2E97-4D88-8E3E-50B528499877}.Debug|Any CPU.Build.0 = Debug|Any CPU
		{F89DD7F5-2E97-4D88-8E3E-50B528499877}.Release|Any CPU.ActiveCfg = Release|Any CPU
		{F89DD7F5-2E97-4D88-8E3E-50B528499877}.Release|Any CPU.Build.0 = Release|Any CPU
		{B980707F-605B-433F-8102-E004D960BEF0}.Debug|Any CPU.ActiveCfg = Debug|Any CPU
		{B980707F-605B-433F-8102-E004D960BEF0}.Debug|Any CPU.Build.0 = Debug|Any CPU
		{B980707F-605B-433F-8102-E004D960BEF0}.Release|Any CPU.ActiveCfg = Release|Any CPU
		{B980707F-605B-433F-8102-E004D960BEF0}.Release|Any CPU.Build.0 = Release|Any CPU
		{699AC51E-DCF4-4B56-97B0-6BEE33F3AEBF}.Debug|Any CPU.ActiveCfg = Debug|Any CPU
		{699AC51E-DCF4-4B56-97B0-6BEE33F3AEBF}.Debug|Any CPU.Build.0 = Debug|Any CPU
		{699AC51E-DCF4-4B56-97B0-6BEE33F3AEBF}.Release|Any CPU.ActiveCfg = Release|Any CPU
		{699AC51E-DCF4-4B56-97B0-6BEE33F3AEBF}.Release|Any CPU.Build.0 = Release|Any CPU
		{90D0C089-14FA-4887-8880-61042811DBB6}.Debug|Any CPU.ActiveCfg = Debug|Any CPU
		{90D0C089-14FA-4887-8880-61042811DBB6}.Debug|Any CPU.Build.0 = Debug|Any CPU
		{90D0C089-14FA-4887-8880-61042811DBB6}.Release|Any CPU.ActiveCfg = Release|Any CPU
		{90D0C089-14FA-4887-8880-61042811DBB6}.Release|Any CPU.Build.0 = Release|Any CPU
		{13D8F4E1-7006-4D95-9708-21721196A21F}.Debug|Any CPU.ActiveCfg = Debug|Any CPU
		{13D8F4E1-7006-4D95-9708-21721196A21F}.Debug|Any CPU.Build.0 = Debug|Any CPU
		{13D8F4E1-7006-4D95-9708-21721196A21F}.Release|Any CPU.ActiveCfg = Release|Any CPU
		{13D8F4E1-7006-4D95-9708-21721196A21F}.Release|Any CPU.Build.0 = Release|Any CPU
		{66DBF3C2-CBCC-4F37-A217-90C738748A9C}.Debug|Any CPU.ActiveCfg = Debug|Any CPU
		{66DBF3C2-CBCC-4F37-A217-90C738748A9C}.Debug|Any CPU.Build.0 = Debug|Any CPU
		{66DBF3C2-CBCC-4F37-A217-90C738748A9C}.Release|Any CPU.ActiveCfg = Release|Any CPU
		{66DBF3C2-CBCC-4F37-A217-90C738748A9C}.Release|Any CPU.Build.0 = Release|Any CPU
		{C2083F46-2965-4EB7-83F9-FAC077CAE9CE}.Debug|Any CPU.ActiveCfg = Debug|Any CPU
		{C2083F46-2965-4EB7-83F9-FAC077CAE9CE}.Debug|Any CPU.Build.0 = Debug|Any CPU
		{C2083F46-2965-4EB7-83F9-FAC077CAE9CE}.Release|Any CPU.ActiveCfg = Release|Any CPU
		{C2083F46-2965-4EB7-83F9-FAC077CAE9CE}.Release|Any CPU.Build.0 = Release|Any CPU
		{8B9DEC0C-682D-4EFD-BB13-5DBBF930E81F}.Debug|Any CPU.ActiveCfg = Debug|Any CPU
		{8B9DEC0C-682D-4EFD-BB13-5DBBF930E81F}.Debug|Any CPU.Build.0 = Debug|Any CPU
		{8B9DEC0C-682D-4EFD-BB13-5DBBF930E81F}.Release|Any CPU.ActiveCfg = Release|Any CPU
		{8B9DEC0C-682D-4EFD-BB13-5DBBF930E81F}.Release|Any CPU.Build.0 = Release|Any CPU
		{6552B3E2-62FA-40BC-B8C4-8C5DCFEAC9EF}.Debug|Any CPU.ActiveCfg = Debug|Any CPU
		{6552B3E2-62FA-40BC-B8C4-8C5DCFEAC9EF}.Debug|Any CPU.Build.0 = Debug|Any CPU
		{6552B3E2-62FA-40BC-B8C4-8C5DCFEAC9EF}.Release|Any CPU.ActiveCfg = Release|Any CPU
		{6552B3E2-62FA-40BC-B8C4-8C5DCFEAC9EF}.Release|Any CPU.Build.0 = Release|Any CPU
		{03EC5461-C48B-4902-A2CA-9130C19FDEA6}.Debug|Any CPU.ActiveCfg = Debug|Any CPU
		{03EC5461-C48B-4902-A2CA-9130C19FDEA6}.Debug|Any CPU.Build.0 = Debug|Any CPU
		{03EC5461-C48B-4902-A2CA-9130C19FDEA6}.Release|Any CPU.ActiveCfg = Release|Any CPU
		{03EC5461-C48B-4902-A2CA-9130C19FDEA6}.Release|Any CPU.Build.0 = Release|Any CPU
		{74D04C7F-956C-459B-9DAF-948619C8861F}.Debug|Any CPU.ActiveCfg = Debug|Any CPU
		{74D04C7F-956C-459B-9DAF-948619C8861F}.Debug|Any CPU.Build.0 = Debug|Any CPU
		{74D04C7F-956C-459B-9DAF-948619C8861F}.Release|Any CPU.ActiveCfg = Release|Any CPU
		{74D04C7F-956C-459B-9DAF-948619C8861F}.Release|Any CPU.Build.0 = Release|Any CPU
		{BBBC185F-5460-4208-85C4-FCA01418AE12}.Debug|Any CPU.ActiveCfg = Debug|Any CPU
		{BBBC185F-5460-4208-85C4-FCA01418AE12}.Debug|Any CPU.Build.0 = Debug|Any CPU
		{BBBC185F-5460-4208-85C4-FCA01418AE12}.Release|Any CPU.ActiveCfg = Release|Any CPU
		{BBBC185F-5460-4208-85C4-FCA01418AE12}.Release|Any CPU.Build.0 = Release|Any CPU
		{D82EF7FD-FBBA-4897-981B-08485D9DE46D}.Debug|Any CPU.ActiveCfg = Debug|Any CPU
		{D82EF7FD-FBBA-4897-981B-08485D9DE46D}.Debug|Any CPU.Build.0 = Debug|Any CPU
		{D82EF7FD-FBBA-4897-981B-08485D9DE46D}.Release|Any CPU.ActiveCfg = Release|Any CPU
		{D82EF7FD-FBBA-4897-981B-08485D9DE46D}.Release|Any CPU.Build.0 = Release|Any CPU
		{4366E31C-B206-42B9-B3DD-D64C933B48A4}.Debug|Any CPU.ActiveCfg = Debug|Any CPU
		{4366E31C-B206-42B9-B3DD-D64C933B48A4}.Debug|Any CPU.Build.0 = Debug|Any CPU
		{4366E31C-B206-42B9-B3DD-D64C933B48A4}.Release|Any CPU.ActiveCfg = Release|Any CPU
		{4366E31C-B206-42B9-B3DD-D64C933B48A4}.Release|Any CPU.Build.0 = Release|Any CPU
		{1E348AC3-35A8-45F5-8FD0-4856C3B78879}.Debug|Any CPU.ActiveCfg = Debug|Any CPU
		{1E348AC3-35A8-45F5-8FD0-4856C3B78879}.Debug|Any CPU.Build.0 = Debug|Any CPU
		{1E348AC3-35A8-45F5-8FD0-4856C3B78879}.Release|Any CPU.ActiveCfg = Release|Any CPU
		{1E348AC3-35A8-45F5-8FD0-4856C3B78879}.Release|Any CPU.Build.0 = Release|Any CPU
		{BA5E4331-B5B9-4A95-8C37-9B44931B2A29}.Debug|Any CPU.ActiveCfg = Debug|Any CPU
		{BA5E4331-B5B9-4A95-8C37-9B44931B2A29}.Debug|Any CPU.Build.0 = Debug|Any CPU
		{BA5E4331-B5B9-4A95-8C37-9B44931B2A29}.Release|Any CPU.ActiveCfg = Release|Any CPU
		{BA5E4331-B5B9-4A95-8C37-9B44931B2A29}.Release|Any CPU.Build.0 = Release|Any CPU
		{2E7779F8-6384-4CB6-9D37-6E91FD61F3D3}.Debug|Any CPU.ActiveCfg = Debug|Any CPU
		{2E7779F8-6384-4CB6-9D37-6E91FD61F3D3}.Debug|Any CPU.Build.0 = Debug|Any CPU
		{2E7779F8-6384-4CB6-9D37-6E91FD61F3D3}.Release|Any CPU.ActiveCfg = Release|Any CPU
		{2E7779F8-6384-4CB6-9D37-6E91FD61F3D3}.Release|Any CPU.Build.0 = Release|Any CPU
		{ACA0AB27-B33B-4E3A-BD8C-B17002B032FA}.Debug|Any CPU.ActiveCfg = Debug|Any CPU
		{ACA0AB27-B33B-4E3A-BD8C-B17002B032FA}.Debug|Any CPU.Build.0 = Debug|Any CPU
		{ACA0AB27-B33B-4E3A-BD8C-B17002B032FA}.Release|Any CPU.ActiveCfg = Release|Any CPU
		{ACA0AB27-B33B-4E3A-BD8C-B17002B032FA}.Release|Any CPU.Build.0 = Release|Any CPU
	EndGlobalSection
	GlobalSection(SolutionProperties) = preSolution
		HideSolutionNode = FALSE
	EndGlobalSection
EndGlobal
