
Microsoft Visual Studio Solution File, Format Version 12.00
# Visual Studio 2012
Project("{FAE04EC0-301F-11D3-BF4B-00C04F79EFBC}") = "FormEj69", "FormEj69\FormEj69.csproj", "{2CE5A44D-190D-4997-B628-8340C1EC0968}"
EndProject
Global
	GlobalSection(SolutionConfigurationPlatforms) = preSolution
		Debug|Any CPU = Debug|Any CPU
		Release|Any CPU = Release|Any CPU
	EndGlobalSection
	GlobalSection(ProjectConfigurationPlatforms) = postSolution
		{2CE5A44D-190D-4997-B628-8340C1EC0968}.Debug|Any CPU.ActiveCfg = Debug|Any CPU
		{2CE5A44D-190D-4997-B628-8340C1EC0968}.Debug|Any CPU.Build.0 = Debug|Any CPU
		{2CE5A44D-190D-4997-B628-8340C1EC0968}.Release|Any CPU.ActiveCfg = Release|Any CPU
		{2CE5A44D-190D-4997-B628-8340C1EC0968}.Release|Any CPU.Build.0 = Release|Any CPU
	EndGlobalSection
	GlobalSection(SolutionProperties) = preSolution
		HideSolutionNode = FALSE
	EndGlobalSection
EndGlobal
